
Microsoft Visual Studio Solution File, Format Version 12.00
# Visual Studio Version 16
VisualStudioVersion = 16.0.31205.134
MinimumVisualStudioVersion = 10.0.40219.1
Project("{FAE04EC0-301F-11D3-BF4B-00C04F79EFBC}") = "ComunicationBetweenActivities", "ComunicationBetweenActivities.csproj", "{DA0FD389-7BE4-4169-A4CF-72187D402180}"
EndProject
Global
	GlobalSection(SolutionConfigurationPlatforms) = preSolution
		Debug|Any CPU = Debug|Any CPU
		Release|Any CPU = Release|Any CPU
	EndGlobalSection
	GlobalSection(ProjectConfigurationPlatforms) = postSolution
		{DA0FD389-7BE4-4169-A4CF-72187D402180}.Debug|Any CPU.ActiveCfg = Debug|Any CPU
		{DA0FD389-7BE4-4169-A4CF-72187D402180}.Debug|Any CPU.Build.0 = Debug|Any CPU
		{DA0FD389-7BE4-4169-A4CF-72187D402180}.Debug|Any CPU.Deploy.0 = Debug|Any CPU
		{DA0FD389-7BE4-4169-A4CF-72187D402180}.Release|Any CPU.ActiveCfg = Release|Any CPU
		{DA0FD389-7BE4-4169-A4CF-72187D402180}.Release|Any CPU.Build.0 = Release|Any CPU
		{DA0FD389-7BE4-4169-A4CF-72187D402180}.Release|Any CPU.Deploy.0 = Release|Any CPU
	EndGlobalSection
	GlobalSection(SolutionProperties) = preSolution
		HideSolutionNode = FALSE
	EndGlobalSection
	GlobalSection(ExtensibilityGlobals) = postSolution
		SolutionGuid = {B4FCEEB9-1806-43D1-B247-F760CC1BF695}
	EndGlobalSection
EndGlobal
